schema: '2.0'
stages:
  train:
    cmd: python train.py
    deps:
    - path: train.py
      md5: 3d23f860bafbfc1814416447dcf6b00f
      size: 551
    params:
      params.yaml:
        some_param: 0.9
    outs:
    - path: test_results.json
      md5: 5f27f20526526c034d0c9786852908b8
      size: 177
    - path: train_results.json
      md5: 3ff2f764ae95323fabf38895407b8fe1
      size: 182
